
Microsoft Visual Studio Solution File, Format Version 12.00
# Visual Studio Version 16
VisualStudioVersion = 16.0.29519.87
MinimumVisualStudioVersion = 10.0.40219.1
Project("{2150E333-8FDC-42A3-9474-1A3956D46DE8}") = "Src", "Src", "{0BEFB271-A7AF-4328-BE12-93DDEF031527}"
EndProject
Project("{2150E333-8FDC-42A3-9474-1A3956D46DE8}") = "Server", "Server", "{B3B134B5-82F8-4E7D-BC5A-7C13DFB4ED16}"
EndProject
Project("{2150E333-8FDC-42A3-9474-1A3956D46DE8}") = "Client", "Client", "{9621ABAB-6A9B-4784-8011-12E11D3C2B89}"
EndProject
Project("{9A19103F-16F7-4668-BE54-9A1E7A4F7556}") = "Pampa.Api.Host", "Pampa.Api.Host\Pampa.Api.Host.csproj", "{78FCDA7D-F420-438E-BDBF-29E6A4595631}"
EndProject
Project("{2150E333-8FDC-42A3-9474-1A3956D46DE8}") = "Common", "Common", "{4C16629E-732F-43A5-BFCB-B58536BA814B}"
EndProject
Project("{9A19103F-16F7-4668-BE54-9A1E7A4F7556}") = "Pampa.EntityFrameworkCore", "Pampa.EntityFrameworkCore\Pampa.EntityFrameworkCore.csproj", "{F4EC1C61-AE0D-48B0-A002-4C6E750AE986}"
EndProject
Project("{9A19103F-16F7-4668-BE54-9A1E7A4F7556}") = "Pampa.Share.Core", "Pampa.Share.Core\Pampa.Share.Core.csproj", "{EBDC142E-14C3-422F-B5EC-E58BBAAB50EA}"
EndProject
Project("{9A19103F-16F7-4668-BE54-9A1E7A4F7556}") = "Pampa.Api.Application", "Pampa.Api.Application\Pampa.Api.Application.csproj", "{8A60C064-C2C7-4985-B4DF-86257AC97003}"
EndProject
Project("{9A19103F-16F7-4668-BE54-9A1E7A4F7556}") = "Pampa.Api.Core", "Pampa.Api.Core\Pampa.Api.Core.csproj", "{23D5662A-12AB-4E12-B67E-06B8F34F1CF8}"
EndProject
Project("{9A19103F-16F7-4668-BE54-9A1E7A4F7556}") = "Pampa.Api.DAL", "Pampa.Api.DAL\Pampa.Api.DAL.csproj", "{299AD9CD-1B3D-47BB-9551-E93384BA91DD}"
EndProject
Project("{FAE04EC0-301F-11D3-BF4B-00C04F79EFBC}") = "Pampa.Client.Shell", "Pampa.Client.Shell\Pampa.Client.Shell.csproj", "{E8683B19-FCD4-4599-AA1E-6A49E0E62029}"
EndProject
Project("{FAE04EC0-301F-11D3-BF4B-00C04F79EFBC}") = "Pampa.Client.StudentManagement", "Pampa.Client.StudentManagement\Pampa.Client.StudentManagement.csproj", "{61F78498-64A8-4EE2-BCD4-32819170342A}"
EndProject
Project("{FAE04EC0-301F-11D3-BF4B-00C04F79EFBC}") = "Pampa.Client.Examination", "Pampa.Client.Examination\Pampa.Client.Examination.csproj", "{55C3ED2E-61FC-4970-BCC2-6D737E6E5ED4}"
EndProject
Project("{FAE04EC0-301F-11D3-BF4B-00C04F79EFBC}") = "Pampa.Client.Core", "Pampa.Client.Core\Pampa.Client.Core.csproj", "{FB671F05-D46C-4692-AE90-E62FF8615B64}"
EndProject
Global
	GlobalSection(SolutionConfigurationPlatforms) = preSolution
		Debug|Any CPU = Debug|Any CPU
		Release|Any CPU = Release|Any CPU
	EndGlobalSection
	GlobalSection(ProjectConfigurationPlatforms) = postSolution
		{78FCDA7D-F420-438E-BDBF-29E6A4595631}.Debug|Any CPU.ActiveCfg = Debug|Any CPU
		{78FCDA7D-F420-438E-BDBF-29E6A4595631}.Debug|Any CPU.Build.0 = Debug|Any CPU
		{78FCDA7D-F420-438E-BDBF-29E6A4595631}.Release|Any CPU.ActiveCfg = Release|Any CPU
		{78FCDA7D-F420-438E-BDBF-29E6A4595631}.Release|Any CPU.Build.0 = Release|Any CPU
		{F4EC1C61-AE0D-48B0-A002-4C6E750AE986}.Debug|Any CPU.ActiveCfg = Debug|Any CPU
		{F4EC1C61-AE0D-48B0-A002-4C6E750AE986}.Debug|Any CPU.Build.0 = Debug|Any CPU
		{F4EC1C61-AE0D-48B0-A002-4C6E750AE986}.Release|Any CPU.ActiveCfg = Release|Any CPU
		{F4EC1C61-AE0D-48B0-A002-4C6E750AE986}.Release|Any CPU.Build.0 = Release|Any CPU
		{EBDC142E-14C3-422F-B5EC-E58BBAAB50EA}.Debug|Any CPU.ActiveCfg = Debug|Any CPU
		{EBDC142E-14C3-422F-B5EC-E58BBAAB50EA}.Debug|Any CPU.Build.0 = Debug|Any CPU
		{EBDC142E-14C3-422F-B5EC-E58BBAAB50EA}.Release|Any CPU.ActiveCfg = Release|Any CPU
		{EBDC142E-14C3-422F-B5EC-E58BBAAB50EA}.Release|Any CPU.Build.0 = Release|Any CPU
		{8A60C064-C2C7-4985-B4DF-86257AC97003}.Debug|Any CPU.ActiveCfg = Debug|Any CPU
		{8A60C064-C2C7-4985-B4DF-86257AC97003}.Debug|Any CPU.Build.0 = Debug|Any CPU
		{8A60C064-C2C7-4985-B4DF-86257AC97003}.Release|Any CPU.ActiveCfg = Release|Any CPU
		{8A60C064-C2C7-4985-B4DF-86257AC97003}.Release|Any CPU.Build.0 = Release|Any CPU
		{23D5662A-12AB-4E12-B67E-06B8F34F1CF8}.Debug|Any CPU.ActiveCfg = Debug|Any CPU
		{23D5662A-12AB-4E12-B67E-06B8F34F1CF8}.Debug|Any CPU.Build.0 = Debug|Any CPU
		{23D5662A-12AB-4E12-B67E-06B8F34F1CF8}.Release|Any CPU.ActiveCfg = Release|Any CPU
		{23D5662A-12AB-4E12-B67E-06B8F34F1CF8}.Release|Any CPU.Build.0 = Release|Any CPU
		{299AD9CD-1B3D-47BB-9551-E93384BA91DD}.Debug|Any CPU.ActiveCfg = Debug|Any CPU
		{299AD9CD-1B3D-47BB-9551-E93384BA91DD}.Debug|Any CPU.Build.0 = Debug|Any CPU
		{299AD9CD-1B3D-47BB-9551-E93384BA91DD}.Release|Any CPU.ActiveCfg = Release|Any CPU
		{299AD9CD-1B3D-47BB-9551-E93384BA91DD}.Release|Any CPU.Build.0 = Release|Any CPU
		{E8683B19-FCD4-4599-AA1E-6A49E0E62029}.Debug|Any CPU.ActiveCfg = Debug|Any CPU
		{E8683B19-FCD4-4599-AA1E-6A49E0E62029}.Debug|Any CPU.Build.0 = Debug|Any CPU
		{E8683B19-FCD4-4599-AA1E-6A49E0E62029}.Release|Any CPU.ActiveCfg = Release|Any CPU
		{E8683B19-FCD4-4599-AA1E-6A49E0E62029}.Release|Any CPU.Build.0 = Release|Any CPU
		{61F78498-64A8-4EE2-BCD4-32819170342A}.Debug|Any CPU.ActiveCfg = Debug|Any CPU
		{61F78498-64A8-4EE2-BCD4-32819170342A}.Debug|Any CPU.Build.0 = Debug|Any CPU
		{61F78498-64A8-4EE2-BCD4-32819170342A}.Release|Any CPU.ActiveCfg = Release|Any CPU
		{61F78498-64A8-4EE2-BCD4-32819170342A}.Release|Any CPU.Build.0 = Release|Any CPU
		{55C3ED2E-61FC-4970-BCC2-6D737E6E5ED4}.Debug|Any CPU.ActiveCfg = Debug|Any CPU
		{55C3ED2E-61FC-4970-BCC2-6D737E6E5ED4}.Debug|Any CPU.Build.0 = Debug|Any CPU
		{55C3ED2E-61FC-4970-BCC2-6D737E6E5ED4}.Release|Any CPU.ActiveCfg = Release|Any CPU
		{55C3ED2E-61FC-4970-BCC2-6D737E6E5ED4}.Release|Any CPU.Build.0 = Release|Any CPU
		{FB671F05-D46C-4692-AE90-E62FF8615B64}.Debug|Any CPU.ActiveCfg = Debug|Any CPU
		{FB671F05-D46C-4692-AE90-E62FF8615B64}.Debug|Any CPU.Build.0 = Debug|Any CPU
		{FB671F05-D46C-4692-AE90-E62FF8615B64}.Release|Any CPU.ActiveCfg = Release|Any CPU
		{FB671F05-D46C-4692-AE90-E62FF8615B64}.Release|Any CPU.Build.0 = Release|Any CPU
	EndGlobalSection
	GlobalSection(SolutionProperties) = preSolution
		HideSolutionNode = FALSE
	EndGlobalSection
	GlobalSection(NestedProjects) = preSolution
		{B3B134B5-82F8-4E7D-BC5A-7C13DFB4ED16} = {0BEFB271-A7AF-4328-BE12-93DDEF031527}
		{9621ABAB-6A9B-4784-8011-12E11D3C2B89} = {0BEFB271-A7AF-4328-BE12-93DDEF031527}
		{78FCDA7D-F420-438E-BDBF-29E6A4595631} = {B3B134B5-82F8-4E7D-BC5A-7C13DFB4ED16}
		{4C16629E-732F-43A5-BFCB-B58536BA814B} = {0BEFB271-A7AF-4328-BE12-93DDEF031527}
		{F4EC1C61-AE0D-48B0-A002-4C6E750AE986} = {B3B134B5-82F8-4E7D-BC5A-7C13DFB4ED16}
		{EBDC142E-14C3-422F-B5EC-E58BBAAB50EA} = {4C16629E-732F-43A5-BFCB-B58536BA814B}
		{8A60C064-C2C7-4985-B4DF-86257AC97003} = {B3B134B5-82F8-4E7D-BC5A-7C13DFB4ED16}
		{23D5662A-12AB-4E12-B67E-06B8F34F1CF8} = {B3B134B5-82F8-4E7D-BC5A-7C13DFB4ED16}
		{299AD9CD-1B3D-47BB-9551-E93384BA91DD} = {B3B134B5-82F8-4E7D-BC5A-7C13DFB4ED16}
		{E8683B19-FCD4-4599-AA1E-6A49E0E62029} = {9621ABAB-6A9B-4784-8011-12E11D3C2B89}
		{61F78498-64A8-4EE2-BCD4-32819170342A} = {9621ABAB-6A9B-4784-8011-12E11D3C2B89}
		{55C3ED2E-61FC-4970-BCC2-6D737E6E5ED4} = {9621ABAB-6A9B-4784-8011-12E11D3C2B89}
		{FB671F05-D46C-4692-AE90-E62FF8615B64} = {9621ABAB-6A9B-4784-8011-12E11D3C2B89}
	EndGlobalSection
	GlobalSection(ExtensibilityGlobals) = postSolution
		SolutionGuid = {3F86277F-04D8-4115-AD0E-77171C9D9A7A}
	EndGlobalSection
EndGlobal
